<?xml version="1.0" encoding="utf-8"?>
<Project ToolsVersion="4.0" xmlns="http://schemas.microsoft.com/developer/msbuild/2003">
  <ItemGroup>
    <Filter Include="Source Files">
      <UniqueIdentifier>{4FC737F1-C7A5-4376-A066-2A32D752A2FF}</UniqueIdentifier>
      <Extensions>cpp;c;cc;cxx;def;odl;idl;hpj;bat;asm;asmx</Extensions>
    </Filter>
    <Filter Include="Header Files">
      <UniqueIdentifier>{93995380-89BD-4b04-88EB-625FBE52EBFB}</UniqueIdentifier>
      <Extensions>h;hh;hpp;hxx;hm;inl;inc;xsd</Extensions>
    </Filter>
    <Filter Include="Resource Files">
      <UniqueIdentifier>{67DA6AB6-F800-4c08-8B7A-83BB121AAD01}</UniqueIdentifier>
      <Extensions>rc;ico;cur;bmp;dlg;rc2;rct;bin;rgs;gif;jpg;jpeg;jpe;resx;tiff;tif;png;wav;mfcribbon-ms</Extensions>
    </Filter>
    <Filter Include="Header Files\Stack">
      <UniqueIdentifier>{4227d2e2-aa1a-44b4-942a-b33544f4b411}</UniqueIdentifier>
    </Filter>
    <Filter Include="Header Files\Queue">
      <UniqueIdentifier>{59ebe3fc-fefd-4648-986c-00b91297ec71}</UniqueIdentifier>
    </Filter>
  </ItemGroup>
  <ItemGroup>
    <ClCompile Include="sqlite3.c">
      <Filter>Source Files</Filter>
    </ClCompile>
    <ClCompile Include="MyForm.cpp">
      <Filter>Header Files</Filter>
    </ClCompile>
    <ClCompile Include="linkedQueueType.cpp">
      <Filter>Source Files</Filter>
    </ClCompile>
    <ClCompile Include="customerInfo.cpp">
      <Filter>Source Files</Filter>
    </ClCompile>
    <ClCompile Include="modifyInfo.cpp">
      <Filter>Source Files</Filter>
    </ClCompile>
    <ClCompile Include="RecordTransaction.cpp">
      <Filter>Header Files</Filter>
    </ClCompile>
    <ClCompile Include="transactionRecord.cpp">
      <Filter>Source Files</Filter>
    </ClCompile>
    <ClCompile Include="linkedStack.cpp">
      <Filter>Source Files</Filter>
    </ClCompile>
    <ClCompile Include="ConfirmationDequeue.cpp">
      <Filter>Header Files\Queue</Filter>
    </ClCompile>
    <ClCompile Include="AddCustomer.cpp">
      <Filter>Header Files\Queue</Filter>
    </ClCompile>
    <ClCompile Include="RemoveTransaction.cpp">
      <Filter>Header Files</Filter>
    </ClCompile>
    <ClCompile Include="ModifyTransaction.cpp">
      <Filter>Source Files</Filter>
    </ClCompile>
    <ClCompile Include="SortCustomer.cpp">
      <Filter>Header Files</Filter>
    </ClCompile>
  </ItemGroup>
  <ItemGroup>
    <ClInclude Include="sqlite3.h">
      <Filter>Header Files</Filter>
    </ClInclude>
    <ClInclude Include="AdminMenu.h">
      <Filter>Header Files</Filter>
    </ClInclude>
    <ClInclude Include="AddCustomer.h">
      <Filter>Header Files</Filter>
    </ClInclude>
    <ClInclude Include="linkedQueueType.h">
      <Filter>Source Files</Filter>
    </ClInclude>
    <ClInclude Include="customerInfo.h">
      <Filter>Source Files</Filter>
    </ClInclude>
    <ClInclude Include="ConfirmationDequeue.h">
      <Filter>Header Files</Filter>
    </ClInclude>
    <ClInclude Include="modifyInfo.h">
      <Filter>Header Files</Filter>
    </ClInclude>
    <ClInclude Include="SearchCustomer.h">
      <Filter>Header Files</Filter>
    </ClInclude>
    <ClInclude Include="DisplayAll.h">
      <Filter>Header Files</Filter>
    </ClInclude>
    <ClInclude Include="RecordTransaction.h">
      <Filter>Header Files</Filter>
    </ClInclude>
    <ClInclude Include="linkedStack.h">
      <Filter>Source Files</Filter>
    </ClInclude>
    <ClInclude Include="TypeMenu.h">
      <Filter>Header Files</Filter>
    </ClInclude>
    <ClInclude Include="TransactionMenu.h">
      <Filter>Header Files</Filter>
    </ClInclude>
    <ClInclude Include="transactionRecord.h">
      <Filter>Source Files</Filter>
    </ClInclude>
    <ClInclude Include="RemoveTransaction.h">
      <Filter>Header Files</Filter>
    </ClInclude>
    <ClInclude Include="Search Transaction.h">
      <Filter>Header Files</Filter>
    </ClInclude>
    <ClInclude Include="DisplayAllStack.h">
      <Filter>Header Files</Filter>
    </ClInclude>
    <ClInclude Include="ModifyTransaction.h">
      <Filter>Header Files</Filter>
    </ClInclude>
    <ClInclude Include="Login.h">
      <Filter>Header Files</Filter>
    </ClInclude>
    <ClInclude Include="SortCustomer.h">
      <Filter>Header Files</Filter>
    </ClInclude>
  </ItemGroup>
  <ItemGroup>
    <EmbeddedResource Include="MyForm.resx">
      <Filter>Header Files</Filter>
    </EmbeddedResource>
    <EmbeddedResource Include="AdminMenu.resx">
      <Filter>Resource Files</Filter>
    </EmbeddedResource>
    <EmbeddedResource Include="ConfirmationDequeue.resx">
      <Filter>Resource Files</Filter>
    </EmbeddedResource>
    <EmbeddedResource Include="modifyInfo.resx">
      <Filter>Resource Files</Filter>
    </EmbeddedResource>
    <EmbeddedResource Include="SearchCustomer.resx">
      <Filter>Resource Files</Filter>
    </EmbeddedResource>
    <EmbeddedResource Include="DisplayAll.resx">
      <Filter>Resource Files</Filter>
    </EmbeddedResource>
    <EmbeddedResource Include="RecordTransaction.resx">
      <Filter>Resource Files</Filter>
    </EmbeddedResource>
    <EmbeddedResource Include="AddCustomer.resx">
      <Filter>Header Files\Queue</Filter>
    </EmbeddedResource>
    <EmbeddedResource Include="TransactionMenu.resx">
      <Filter>Resource Files</Filter>
    </EmbeddedResource>
    <EmbeddedResource Include="TypeMenu.resx">
      <Filter>Resource Files</Filter>
    </EmbeddedResource>
    <EmbeddedResource Include="RemoveTransaction.resx">
      <Filter>Resource Files</Filter>
    </EmbeddedResource>
    <EmbeddedResource Include="Search Transaction.resx">
      <Filter>Resource Files</Filter>
    </EmbeddedResource>
    <EmbeddedResource Include="DisplayAllStack.resx">
      <Filter>Resource Files</Filter>
    </EmbeddedResource>
    <EmbeddedResource Include="ModifyTransaction.resx">
      <Filter>Resource Files</Filter>
    </EmbeddedResource>
  </ItemGroup>
  <ItemGroup>
    <None Include="ClassDiagram.cd" />
  </ItemGroup>
</Project>